
Microsoft Visual Studio Solution File, Format Version 12.00
# Visual Studio Version 17
VisualStudioVersion = 17.11.35312.102
MinimumVisualStudioVersion = 10.0.40219.1
Project("{FAE04EC0-301F-11D3-BF4B-00C04F79EFBC}") = "MauiApp2", "MauiApp2\MauiApp2.csproj", "{C35C15F2-5F92-4A6E-B607-B7F759817461}"
EndProject
Global
	GlobalSection(SolutionConfigurationPlatforms) = preSolution
		Debug|Any CPU = Debug|Any CPU
		Release|Any CPU = Release|Any CPU
	EndGlobalSection
	GlobalSection(ProjectConfigurationPlatforms) = postSolution
		{C35C15F2-5F92-4A6E-B607-B7F759817461}.Debug|Any CPU.ActiveCfg = Debug|Any CPU
		{C35C15F2-5F92-4A6E-B607-B7F759817461}.Debug|Any CPU.Build.0 = Debug|Any CPU
		{C35C15F2-5F92-4A6E-B607-B7F759817461}.Debug|Any CPU.Deploy.0 = Debug|Any CPU
		{C35C15F2-5F92-4A6E-B607-B7F759817461}.Release|Any CPU.ActiveCfg = Release|Any CPU
		{C35C15F2-5F92-4A6E-B607-B7F759817461}.Release|Any CPU.Build.0 = Release|Any CPU
		{C35C15F2-5F92-4A6E-B607-B7F759817461}.Release|Any CPU.Deploy.0 = Release|Any CPU
	EndGlobalSection
	GlobalSection(SolutionProperties) = preSolution
		HideSolutionNode = FALSE
	EndGlobalSection
	GlobalSection(ExtensibilityGlobals) = postSolution
		SolutionGuid = {23EEE81B-C53A-42D7-9DFA-A8A6283B2A7B}
	EndGlobalSection
EndGlobal
